
Microsoft Visual Studio Solution File, Format Version 12.00
# Visual Studio Version 16
VisualStudioVersion = 16.0.31702.278
MinimumVisualStudioVersion = 10.0.40219.1
Project("{FAE04EC0-301F-11D3-BF4B-00C04F79EFBC}") = "Employees", "Employees\Employees.csproj", "{7A36AEB0-50DF-420E-9AEB-4F8BA0CC2ADA}"
EndProject
Global
	GlobalSection(SolutionConfigurationPlatforms) = preSolution
		Debug|Any CPU = Debug|Any CPU
		Release|Any CPU = Release|Any CPU
	EndGlobalSection
	GlobalSection(ProjectConfigurationPlatforms) = postSolution
		{7A36AEB0-50DF-420E-9AEB-4F8BA0CC2ADA}.Debug|Any CPU.ActiveCfg = Debug|Any CPU
		{7A36AEB0-50DF-420E-9AEB-4F8BA0CC2ADA}.Debug|Any CPU.Build.0 = Debug|Any CPU
		{7A36AEB0-50DF-420E-9AEB-4F8BA0CC2ADA}.Release|Any CPU.ActiveCfg = Release|Any CPU
		{7A36AEB0-50DF-420E-9AEB-4F8BA0CC2ADA}.Release|Any CPU.Build.0 = Release|Any CPU
	EndGlobalSection
	GlobalSection(SolutionProperties) = preSolution
		HideSolutionNode = FALSE
	EndGlobalSection
	GlobalSection(ExtensibilityGlobals) = postSolution
		SolutionGuid = {B4DE5CD4-1A09-45F4-960E-11E120C03CAD}
	EndGlobalSection
EndGlobal
